
Microsoft Visual Studio Solution File, Format Version 12.00
# Visual Studio Version 17
VisualStudioVersion = 17.0.31903.59
MinimumVisualStudioVersion = 10.0.40219.1
Project("{2150E333-8FDC-42A3-9474-1A3956D46DE8}") = "src", "src", "{827E0CD3-B72D-47B6-A68D-7590B98EB39B}"
EndProject
Project("{FAE04EC0-301F-11D3-BF4B-00C04F79EFBC}") = "FanControl.DeepCoolDigital", "src\FanControl.DeepCoolDigital\FanControl.DeepCoolDigital.csproj", "{4D6EB733-8FD6-4EC9-94AA-E4FDE0B14849}"
EndProject
Project("{2150E333-8FDC-42A3-9474-1A3956D46DE8}") = "tools", "tools", "{07C2787E-EAC7-C090-1BA3-A61EC2A24D84}"
EndProject
Project("{FAE04EC0-301F-11D3-BF4B-00C04F79EFBC}") = "DeepCoolDigitalProbe", "tools\DeepCoolDigitalProbe\DeepCoolDigitalProbe.csproj", "{3B0D2BF5-7F89-4CD7-89F9-493BC76C5807}"
EndProject
Global
	GlobalSection(SolutionConfigurationPlatforms) = preSolution
		Debug|Any CPU = Debug|Any CPU
		Debug|x64 = Debug|x64
		Debug|x86 = Debug|x86
		Release|Any CPU = Release|Any CPU
		Release|x64 = Release|x64
		Release|x86 = Release|x86
	EndGlobalSection
	GlobalSection(ProjectConfigurationPlatforms) = postSolution
		{4D6EB733-8FD6-4EC9-94AA-E4FDE0B14849}.Debug|Any CPU.ActiveCfg = Debug|Any CPU
		{4D6EB733-8FD6-4EC9-94AA-E4FDE0B14849}.Debug|Any CPU.Build.0 = Debug|Any CPU
		{4D6EB733-8FD6-4EC9-94AA-E4FDE0B14849}.Debug|x64.ActiveCfg = Debug|Any CPU
		{4D6EB733-8FD6-4EC9-94AA-E4FDE0B14849}.Debug|x64.Build.0 = Debug|Any CPU
		{4D6EB733-8FD6-4EC9-94AA-E4FDE0B14849}.Debug|x86.ActiveCfg = Debug|Any CPU
		{4D6EB733-8FD6-4EC9-94AA-E4FDE0B14849}.Debug|x86.Build.0 = Debug|Any CPU
		{4D6EB733-8FD6-4EC9-94AA-E4FDE0B14849}.Release|Any CPU.ActiveCfg = Release|Any CPU
		{4D6EB733-8FD6-4EC9-94AA-E4FDE0B14849}.Release|Any CPU.Build.0 = Release|Any CPU
		{4D6EB733-8FD6-4EC9-94AA-E4FDE0B14849}.Release|x64.ActiveCfg = Release|Any CPU
		{4D6EB733-8FD6-4EC9-94AA-E4FDE0B14849}.Release|x64.Build.0 = Release|Any CPU
		{4D6EB733-8FD6-4EC9-94AA-E4FDE0B14849}.Release|x86.ActiveCfg = Release|Any CPU
		{4D6EB733-8FD6-4EC9-94AA-E4FDE0B14849}.Release|x86.Build.0 = Release|Any CPU
		{3B0D2BF5-7F89-4CD7-89F9-493BC76C5807}.Debug|Any CPU.ActiveCfg = Debug|Any CPU
		{3B0D2BF5-7F89-4CD7-89F9-493BC76C5807}.Debug|Any CPU.Build.0 = Debug|Any CPU
		{3B0D2BF5-7F89-4CD7-89F9-493BC76C5807}.Debug|x64.ActiveCfg = Debug|Any CPU
		{3B0D2BF5-7F89-4CD7-89F9-493BC76C5807}.Debug|x64.Build.0 = Debug|Any CPU
		{3B0D2BF5-7F89-4CD7-89F9-493BC76C5807}.Debug|x86.ActiveCfg = Debug|Any CPU
		{3B0D2BF5-7F89-4CD7-89F9-493BC76C5807}.Debug|x86.Build.0 = Debug|Any CPU
		{3B0D2BF5-7F89-4CD7-89F9-493BC76C5807}.Release|Any CPU.ActiveCfg = Release|Any CPU
		{3B0D2BF5-7F89-4CD7-89F9-493BC76C5807}.Release|Any CPU.Build.0 = Release|Any CPU
		{3B0D2BF5-7F89-4CD7-89F9-493BC76C5807}.Release|x64.ActiveCfg = Release|Any CPU
		{3B0D2BF5-7F89-4CD7-89F9-493BC76C5807}.Release|x64.Build.0 = Release|Any CPU
		{3B0D2BF5-7F89-4CD7-89F9-493BC76C5807}.Release|x86.ActiveCfg = Release|Any CPU
		{3B0D2BF5-7F89-4CD7-89F9-493BC76C5807}.Release|x86.Build.0 = Release|Any CPU
	EndGlobalSection
	GlobalSection(SolutionProperties) = preSolution
		HideSolutionNode = FALSE
	EndGlobalSection
	GlobalSection(NestedProjects) = preSolution
		{4D6EB733-8FD6-4EC9-94AA-E4FDE0B14849} = {827E0CD3-B72D-47B6-A68D-7590B98EB39B}
		{3B0D2BF5-7F89-4CD7-89F9-493BC76C5807} = {07C2787E-EAC7-C090-1BA3-A61EC2A24D84}
	EndGlobalSection
EndGlobal
